{
    "_meta": {
        "hash": {
            "sha256": "c6dc4b714a267535e1fe61938b90efa1506e01517e4e2d749fb42a6a9d3cc373"
        },
        "pipfile-spec": 6,
        "requires": {},
        "sources": [
            {
                "name": "pypi",
                "url": "https://pypi.org/simple",
                "verify_ssl": true
            }
        ]
    },
    "default": {
        "anime-downloader": {
            "editable": true,
            "path": "."
        },
        "appdirs": {
            "hashes": [
                "sha256:7d5d0167b2b1ba821647616af46a749d1c653740dd0d2415100fe26e27afdf41",
                "sha256:a841dacd6b99318a741b166adb07e19ee71a274450e68237b4650ca1055ab128"
            ],
            "version": "==1.4.4"
        },
        "attrs": {
            "hashes": [
                "sha256:2d27e3784d7a565d36ab851fe94887c5eccd6a463168875832a1be79c82828b4",
                "sha256:626ba8234211db98e869df76230a137c4c40a12d72445c45d5f5b716f076e2fd"
            ],
            "markers": "python_version >= '2.7' and python_version not in '3.0, 3.1, 3.2, 3.3, 3.4'",
            "version": "==21.4.0"
        },
        "beautifulsoup4": {
            "hashes": [
                "sha256:58d5c3d29f5a36ffeb94f02f0d786cd53014cf9b3b3951d42e0080d8a9498d30",
                "sha256:ad9aa55b65ef2808eb405f46cf74df7fcb7044d5cbc26487f96eb2ef2e436693"
            ],
            "markers": "python_version >= '3.6'",
            "version": "==4.11.1"
        },
        "cattrs": {
            "hashes": [
                "sha256:211800f725cdecedcbcf4c753bbd22d248312b37d130f06045434acb7d9b34e1",
                "sha256:35dd9063244263e63bd0bd24ea61e3015b00272cead084b2c40d788b0f857c46"
            ],
            "markers": "python_version >= '3.7' and python_version < '4.0'",
            "version": "==1.10.0"
        },
        "certifi": {
            "hashes": [
                "sha256:9c5705e395cd70084351dd8ad5c41e65655e08ce46f2ec9cf6c2c08390f71eb7",
                "sha256:f1d53542ee8cbedbe2118b5686372fb33c297fcd6379b050cca0ef13a597382a"
            ],
            "markers": "python_version >= '3.6'",
            "version": "==2022.5.18.1"
        },
        "cfscrape": {
            "hashes": [
                "sha256:7c5ef94554e0d6ee7de7cd0d42051526e716ce6c0357679ee0b82c49e189e2ef",
                "sha256:c62085b42822e196907196f6a09561ec6b2aea8bd87e5a6f84d382e60dd23fe4"
            ],
            "version": "==2.1.1"
        },
        "charset-normalizer": {
            "hashes": [
                "sha256:2857e29ff0d34db842cd7ca3230549d1a697f96ee6d3fb071cfa6c7393832597",
                "sha256:6881edbebdb17b39b4eaaa821b438bf6eddffb4468cf344f09f89def34a8b1df"
            ],
            "markers": "python_version >= '3'",
            "version": "==2.0.12"
        },
        "click": {
            "hashes": [
                "sha256:7682dc8afb30297001674575ea00d1814d808d6a36af415a82bd481d37ba7b8e",
                "sha256:bb4d8133cb15a609f44e8213d9b391b0809795062913b383c62be0ee95b1db48"
            ],
            "markers": "python_version >= '3.7'",
            "version": "==8.1.3"
        },
        "coloredlogs": {
            "hashes": [
                "sha256:612ee75c546f53e92e70049c9dbfcc18c935a2b9a53b66085ce9ef6a6e5c0934",
                "sha256:7c991aa71a4577af2f82600d8f8f3a89f936baeaf9b50a9c197da014e5bf16b0"
            ],
            "markers": "python_version >= '2.7' and python_version not in '3.0, 3.1, 3.2, 3.3, 3.4'",
            "version": "==15.0.1"
        },
        "fuzzywuzzy": {
            "hashes": [
                "sha256:45016e92264780e58972dca1b3d939ac864b78437422beecebb3095f8efd00e8",
                "sha256:928244b28db720d1e0ee7587acf660ea49d7e4c632569cad4f1cd7e68a5f0993"
            ],
            "version": "==0.18.0"
        },
        "humanfriendly": {
            "hashes": [
                "sha256:1697e1a8a8f550fd43c2865cd84542fc175a61dcb779b6fee18cf6b6ccba1477",
                "sha256:6b0b831ce8f15f7300721aa49829fc4e83921a9a301cc7f606be6686a2288ddc"
            ],
            "markers": "python_version >= '2.7' and python_version not in '3.0, 3.1, 3.2, 3.3, 3.4'",
            "version": "==10.0"
        },
        "idna": {
            "hashes": [
                "sha256:84d9dd047ffa80596e0f246e2eab0b391788b0503584e8945f2368256d2735ff",
                "sha256:9d643ff0a55b762d5cdb124b8eaa99c66322e2157b69160bc32796e824360e6d"
            ],
            "markers": "python_version >= '3'",
            "version": "==3.3"
        },
        "pycryptodome": {
            "hashes": [
                "sha256:028dcbf62d128b4335b61c9fbb7dd8c376594db607ef36d5721ee659719935d5",
                "sha256:12ef157eb1e01a157ca43eda275fa68f8db0dd2792bc4fe00479ab8f0e6ae075",
                "sha256:2562de213960693b6d657098505fd4493c45f3429304da67efcbeb61f0edfe89",
                "sha256:27e92c1293afcb8d2639baf7eb43f4baada86e4de0f1fb22312bfc989b95dae2",
                "sha256:36e3242c4792e54ed906c53f5d840712793dc68b726ec6baefd8d978c5282d30",
                "sha256:50a5346af703330944bea503106cd50c9c2212174cfcb9939db4deb5305a8367",
                "sha256:53dedbd2a6a0b02924718b520a723e88bcf22e37076191eb9b91b79934fb2192",
                "sha256:69f05aaa90c99ac2f2af72d8d7f185f729721ad7c4be89e9e3d0ab101b0ee875",
                "sha256:75a3a364fee153e77ed889c957f6f94ec6d234b82e7195b117180dcc9fc16f96",
                "sha256:766a8e9832128c70012e0c2b263049506cbf334fb21ff7224e2704102b6ef59e",
                "sha256:7fb90a5000cc9c9ff34b4d99f7f039e9c3477700e309ff234eafca7b7471afc0",
                "sha256:893f32210de74b9f8ac869ed66c97d04e7d351182d6d39ebd3b36d3db8bda65d",
                "sha256:8b5c28058102e2974b9868d72ae5144128485d466ba8739abd674b77971454cc",
                "sha256:924b6aad5386fb54f2645f22658cb0398b1f25bc1e714a6d1522c75d527deaa5",
                "sha256:9924248d6920b59c260adcae3ee231cd5af404ac706ad30aa4cd87051bf09c50",
                "sha256:9ec761a35dbac4a99dcbc5cd557e6e57432ddf3e17af8c3c86b44af9da0189c0",
                "sha256:a36ab51674b014ba03da7f98b675fcb8eabd709a2d8e18219f784aba2db73b72",
                "sha256:aae395f79fa549fb1f6e3dc85cf277f0351e15a22e6547250056c7f0c990d6a5",
                "sha256:c880a98376939165b7dc504559f60abe234b99e294523a273847f9e7756f4132",
                "sha256:ce7a875694cd6ccd8682017a7c06c6483600f151d8916f2b25cf7a439e600263",
                "sha256:d1b7739b68a032ad14c5e51f7e4e1a5f92f3628bba024a2bda1f30c481fc85d8",
                "sha256:dcd65355acba9a1d0fc9b923875da35ed50506e339b35436277703d7ace3e222",
                "sha256:e04e40a7f8c1669195536a37979dd87da2c32dbdc73d6fe35f0077b0c17c803b",
                "sha256:e0c04c41e9ade19fbc0eff6aacea40b831bfcb2c91c266137bcdfd0d7b2f33ba",
                "sha256:e24d4ec4b029611359566c52f31af45c5aecde7ef90bf8f31620fd44c438efe7",
                "sha256:e64738207a02a83590df35f59d708bf1e7ea0d6adce712a777be2967e5f7043c",
                "sha256:ea56a35fd0d13121417d39a83f291017551fa2c62d6daa6b04af6ece7ed30d84",
                "sha256:f2772af1c3ef8025c85335f8b828d0193fa1e43256621f613280e2c81bfad423",
                "sha256:f403a3e297a59d94121cb3ee4b1cf41f844332940a62d71f9e4a009cc3533493",
                "sha256:f572a3ff7b6029dd9b904d6be4e0ce9e309dcb847b03e3ac8698d9d23bb36525"
            ],
            "markers": "python_version >= '2.7' and python_version not in '3.0, 3.1, 3.2, 3.3, 3.4'",
            "version": "==3.14.1"
        },
        "pysmartdl": {
            "hashes": [
                "sha256:35275d1694f3474d33bdca93b27d3608265ffd42f5aeb28e56f38b906c0c35f4",
                "sha256:671c277ca710fb9b6603b19176f5c091041ec4ef6dcdb507c9a983a89ca35d31"
            ],
            "version": "==1.3.4"
        },
        "requests": {
            "hashes": [
                "sha256:68d7c56fd5a8999887728ef304a6d12edc7be74f1cfa47714fc8b414525c9a61",
                "sha256:f22fa1e554c9ddfd16e6e41ac79759e17be9e492b3587efa038054674760e72d"
            ],
            "markers": "python_version >= '2.7' and python_version not in '3.0, 3.1, 3.2, 3.3, 3.4, 3.5'",
            "version": "==2.27.1"
        },
        "requests-cache": {
            "hashes": [
                "sha256:04bb1212bbefba122080163530555f36e64fcd517ef8f90e289ef76f7ae055da",
                "sha256:edc51d4ba3f1bcacf100aa6097d0c4ae4c787fe13dcc4b2d3a6ce3064482b072"
            ],
            "markers": "python_version >= '3.7' and python_version < '4.0'",
            "version": "==0.9.4"
        },
        "sanitized-package": {
            "editable": true,
            "path": "."
        },
        "six": {
            "hashes": [
                "sha256:1e61c37477a1626458e36f7b1d82aa5c9b094fa4802892072e49de9c60c4c926",
                "sha256:8abb2f1d86890a2dfb989f9a77cfcfd3e47c2a354b01111771326f8aa26e0254"
            ],
            "markers": "python_version >= '2.7' and python_version not in '3.0, 3.1, 3.2, 3.3'",
            "version": "==1.16.0"
        },
        "soupsieve": {
            "hashes": [
                "sha256:3b2503d3c7084a42b1ebd08116e5f81aadfaea95863628c80a3b774a11b7c759",
                "sha256:fc53893b3da2c33de295667a0e19f078c14bf86544af307354de5fcf12a3f30d"
            ],
            "markers": "python_version >= '3.6'",
            "version": "==2.3.2.post1"
        },
        "tabulate": {
            "hashes": [
                "sha256:d7c013fe7abbc5e491394e10fa845f8f32fe54f8dc60c6622c6cf482d25d47e4",
                "sha256:eb1d13f25760052e8931f2ef80aaf6045a6cceb47514db8beab24cded16f13a7"
            ],
            "version": "==0.8.9"
        },
        "url-normalize": {
            "hashes": [
                "sha256:d23d3a070ac52a67b83a1c59a0e68f8608d1cd538783b401bc9de2c0fac999b2",
                "sha256:ec3c301f04e5bb676d333a7fa162fa977ad2ca04b7e652bfc9fac4e405728eed"
            ],
            "markers": "python_version >= '2.7' and python_version not in '3.0, 3.1, 3.2, 3.3, 3.4, 3.5'",
            "version": "==1.4.3"
        },
        "urllib3": {
            "hashes": [
                "sha256:44ece4d53fb1706f667c9bd1c648f5469a2ec925fcf3a776667042d645472c14",
                "sha256:aabaf16477806a5e1dd19aa41f8c2b7950dd3c746362d7e3223dbe6de6ac448e"
            ],
            "markers": "python_version >= '2.7' and python_version not in '3.0, 3.1, 3.2, 3.3, 3.4' and python_version < '4.0'",
            "version": "==1.26.9"
        }
    },
    "develop": {
        "alabaster": {
            "hashes": [
                "sha256:446438bdcca0e05bd45ea2de1668c1d9b032e1a9154c2c259092d77031ddd359",
                "sha256:a661d72d58e6ea8a57f7a86e37d86716863ee5e92788398526d58b26a4e4dc02"
            ],
            "version": "==0.7.12"
        },
        "astroid": {
            "hashes": [
                "sha256:71ea07f44df9568a75d0f354c49143a4575d90645e9fead6dfb52c26a85ed13a",
                "sha256:840947ebfa8b58f318d42301cf8c0a20fd794a33b61cc4638e28e9e61ba32f42"
            ],
            "markers": "python_version >= '3.5'",
            "version": "==2.3.3"
        },
        "autopep8": {
            "hashes": [
                "sha256:152fd8fe47d02082be86e05001ec23d6f420086db56b17fc883f3f965fb34954"
            ],
            "version": "==1.5.2"
        },
        "babel": {
            "hashes": [
                "sha256:3f349e85ad3154559ac4930c3918247d319f21910d5ce4b25d439ed8693b98d2",
                "sha256:98aeaca086133efb3e1e2aad0396987490c8425929ddbcfe0550184fdc54cd13"
            ],
            "markers": "python_version >= '3.6'",
            "version": "==2.10.1"
        },
        "bleach": {
            "hashes": [
                "sha256:08a1fe86d253b5c88c92cc3d810fd8048a16d15762e1e5b74d502256e5926aa1",
                "sha256:c6d6cc054bdc9c83b48b8083e236e5f00f238428666d2ce2e083eaa5fd568565"
            ],
            "markers": "python_version >= '3.7'",
            "version": "==5.0.0"
        },
        "certifi": {
            "hashes": [
                "sha256:9c5705e395cd70084351dd8ad5c41e65655e08ce46f2ec9cf6c2c08390f71eb7",
                "sha256:f1d53542ee8cbedbe2118b5686372fb33c297fcd6379b050cca0ef13a597382a"
            ],
            "markers": "python_version >= '3.6'",
            "version": "==2022.5.18.1"
        },
        "charset-normalizer": {
            "hashes": [
                "sha256:2857e29ff0d34db842cd7ca3230549d1a697f96ee6d3fb071cfa6c7393832597",
                "sha256:6881edbebdb17b39b4eaaa821b438bf6eddffb4468cf344f09f89def34a8b1df"
            ],
            "markers": "python_version >= '3'",
            "version": "==2.0.12"
        },
        "colorama": {
            "hashes": [
                "sha256:5941b2b48a20143d2267e95b1c2a7603ce057ee39fd88e7329b0c292aa16869b",
                "sha256:9f47eda37229f68eee03b24b9748937c7dc3868f906e8ba69fbcbdd3bc5dc3e2"
            ],
            "markers": "python_version >= '2.7' and python_version not in '3.0, 3.1, 3.2, 3.3, 3.4'",
            "version": "==0.4.4"
        },
        "docutils": {
            "hashes": [
                "sha256:23010f129180089fbcd3bc08cfefccb3b890b0050e1ca00c867036e9d161b98c",
                "sha256:679987caf361a7539d76e584cbeddc311e3aee937877c87346f31debc63e9d06"
            ],
            "markers": "python_version >= '2.7' and python_version not in '3.0, 3.1, 3.2, 3.3, 3.4'",
            "version": "==0.18.1"
        },
        "entrypoints": {
            "hashes": [
                "sha256:589f874b313739ad35be6e0cd7efde2a4e9b6fea91edcc34e58ecbb8dbe56d19",
                "sha256:c70dd71abe5a8c85e55e12c19bd91ccfeec11a6e99044204511f9ed547d48451"
            ],
            "markers": "python_version >= '2.7'",
            "version": "==0.3"
        },
        "flake8": {
            "hashes": [
                "sha256:45681a117ecc81e870cbf1262835ae4af5e7a8b08e40b944a8a6e6b895914cfb",
                "sha256:49356e766643ad15072a789a20915d3c91dc89fd313ccd71802303fd67e4deca"
            ],
            "index": "pypi",
            "version": "==3.7.9"
        },
        "flake8-polyfill": {
            "hashes": [
                "sha256:12be6a34ee3ab795b19ca73505e7b55826d5f6ad7230d31b18e106400169b9e9",
                "sha256:e44b087597f6da52ec6393a709e7108b2905317d0c0b744cdca6208e670d8eda"
            ],
            "version": "==1.0.2"
        },
        "future": {
            "hashes": [
                "sha256:b1bead90b70cf6ec3f0710ae53a525360fa360d306a86583adc6bf83a4db537d"
            ],
            "markers": "python_version >= '2.6' and python_version not in '3.0, 3.1, 3.2, 3.3'",
            "version": "==0.18.2"
        },
        "httpretty": {
            "hashes": [
                "sha256:66216f26b9d2c52e81808f3e674a6fb65d4bf719721394a1a9be926177e55fbe"
            ],
            "index": "pypi",
            "version": "==0.9.7"
        },
        "idna": {
            "hashes": [
                "sha256:84d9dd047ffa80596e0f246e2eab0b391788b0503584e8945f2368256d2735ff",
                "sha256:9d643ff0a55b762d5cdb124b8eaa99c66322e2157b69160bc32796e824360e6d"
            ],
            "markers": "python_version >= '3'",
            "version": "==3.3"
        },
        "imagesize": {
            "hashes": [
                "sha256:1db2f82529e53c3e929e8926a1fa9235aa82d0bd0c580359c67ec31b2fddaa8c",
                "sha256:cd1750d452385ca327479d45b64d9c7729ecf0b3969a58148298c77092261f9d"
            ],
            "markers": "python_version >= '2.7' and python_version not in '3.0, 3.1, 3.2, 3.3'",
            "version": "==1.3.0"
        },
        "isort": {
            "hashes": [
                "sha256:54da7e92468955c4fceacd0c86bd0ec997b0e1ee80d97f67c35a78b719dccab1",
                "sha256:6e811fcb295968434526407adb8796944f1988c5b65e8139058f2014cbe100fd"
            ],
            "markers": "python_version >= '2.7' and python_version not in '3.0, 3.1, 3.2, 3.3'",
            "version": "==4.3.21"
        },
        "jedi": {
            "hashes": [
                "sha256:1349c1e8c107095a55386628bb3b2a79422f3a2cab8381e34ce19909e0cf5064",
                "sha256:e909527104a903606dd63bea6e8e888833f0ef087057829b89a18364a856f807"
            ],
            "markers": "python_version >= '2.7' and python_version not in '3.0, 3.1, 3.2, 3.3'",
            "version": "==0.15.2"
        },
        "jinja2": {
            "hashes": [
                "sha256:31351a702a408a9e7595a8fc6150fc3f43bb6bf7e319770cbc0db9df9437e852",
                "sha256:6088930bfe239f0e6710546ab9c19c9ef35e29792895fed6e6e31a023a182a61"
            ],
            "markers": "python_version >= '3.7'",
            "version": "==3.1.2"
        },
        "lazy-object-proxy": {
            "hashes": [
                "sha256:0c4b206227a8097f05c4dbdd323c50edf81f15db3b8dc064d08c62d37e1a504d",
                "sha256:194d092e6f246b906e8f70884e620e459fc54db3259e60cf69a4d66c3fda3449",
                "sha256:1be7e4c9f96948003609aa6c974ae59830a6baecc5376c25c92d7d697e684c08",
                "sha256:4677f594e474c91da97f489fea5b7daa17b5517190899cf213697e48d3902f5a",
                "sha256:48dab84ebd4831077b150572aec802f303117c8cc5c871e182447281ebf3ac50",
                "sha256:5541cada25cd173702dbd99f8e22434105456314462326f06dba3e180f203dfd",
                "sha256:59f79fef100b09564bc2df42ea2d8d21a64fdcda64979c0fa3db7bdaabaf6239",
                "sha256:8d859b89baf8ef7f8bc6b00aa20316483d67f0b1cbf422f5b4dc56701c8f2ffb",
                "sha256:9254f4358b9b541e3441b007a0ea0764b9d056afdeafc1a5569eee1cc6c1b9ea",
                "sha256:9651375199045a358eb6741df3e02a651e0330be090b3bc79f6d0de31a80ec3e",
                "sha256:97bb5884f6f1cdce0099f86b907aa41c970c3c672ac8b9c8352789e103cf3156",
                "sha256:9b15f3f4c0f35727d3a0fba4b770b3c4ebbb1fa907dbcc046a1d2799f3edd142",
                "sha256:a2238e9d1bb71a56cd710611a1614d1194dc10a175c1e08d75e1a7bcc250d442",
                "sha256:a6ae12d08c0bf9909ce12385803a543bfe99b95fe01e752536a60af2b7797c62",
                "sha256:ca0a928a3ddbc5725be2dd1cf895ec0a254798915fb3a36af0964a0a4149e3db",
                "sha256:cb2c7c57005a6804ab66f106ceb8482da55f5314b7fcb06551db1edae4ad1531",
                "sha256:d74bb8693bf9cf75ac3b47a54d716bbb1a92648d5f781fc799347cfc95952383",
                "sha256:d945239a5639b3ff35b70a88c5f2f491913eb94871780ebfabb2568bd58afc5a",
                "sha256:eba7011090323c1dadf18b3b689845fd96a61ba0a1dfbd7f24b921398affc357",
                "sha256:efa1909120ce98bbb3777e8b6f92237f5d5c8ea6758efea36a473e1d38f7d3e4",
                "sha256:f3900e8a5de27447acbf900b4750b0ddfd7ec1ea7fbaf11dfa911141bc522af0"
            ],
            "markers": "python_version >= '2.7' and python_version not in '3.0, 3.1, 3.2, 3.3'",
            "version": "==1.4.3"
        },
        "mando": {
            "hashes": [
                "sha256:4ce09faec7e5192ffc3c57830e26acba0fd6cd11e1ee81af0d4df0657463bd1c",
                "sha256:79feb19dc0f097daa64a1243db578e7674909b75f88ac2220f1c065c10a0d960"
            ],
            "version": "==0.6.4"
        },
        "markupsafe": {
            "hashes": [
                "sha256:0212a68688482dc52b2d45013df70d169f542b7394fc744c02a57374a4207003",
                "sha256:089cf3dbf0cd6c100f02945abeb18484bd1ee57a079aefd52cffd17fba910b88",
                "sha256:10c1bfff05d95783da83491be968e8fe789263689c02724e0c691933c52994f5",
                "sha256:33b74d289bd2f5e527beadcaa3f401e0df0a89927c1559c8566c066fa4248ab7",
                "sha256:3799351e2336dc91ea70b034983ee71cf2f9533cdff7c14c90ea126bfd95d65a",
                "sha256:3ce11ee3f23f79dbd06fb3d63e2f6af7b12db1d46932fe7bd8afa259a5996603",
                "sha256:421be9fbf0ffe9ffd7a378aafebbf6f4602d564d34be190fc19a193232fd12b1",
                "sha256:43093fb83d8343aac0b1baa75516da6092f58f41200907ef92448ecab8825135",
                "sha256:46d00d6cfecdde84d40e572d63735ef81423ad31184100411e6e3388d405e247",
                "sha256:4a33dea2b688b3190ee12bd7cfa29d39c9ed176bda40bfa11099a3ce5d3a7ac6",
                "sha256:4b9fe39a2ccc108a4accc2676e77da025ce383c108593d65cc909add5c3bd601",
                "sha256:56442863ed2b06d19c37f94d999035e15ee982988920e12a5b4ba29b62ad1f77",
                "sha256:671cd1187ed5e62818414afe79ed29da836dde67166a9fac6d435873c44fdd02",
                "sha256:694deca8d702d5db21ec83983ce0bb4b26a578e71fbdbd4fdcd387daa90e4d5e",
                "sha256:6a074d34ee7a5ce3effbc526b7083ec9731bb3cbf921bbe1d3005d4d2bdb3a63",
                "sha256:6d0072fea50feec76a4c418096652f2c3238eaa014b2f94aeb1d56a66b41403f",
                "sha256:6fbf47b5d3728c6aea2abb0589b5d30459e369baa772e0f37a0320185e87c980",
                "sha256:7f91197cc9e48f989d12e4e6fbc46495c446636dfc81b9ccf50bb0ec74b91d4b",
                "sha256:86b1f75c4e7c2ac2ccdaec2b9022845dbb81880ca318bb7a0a01fbf7813e3812",
                "sha256:8dc1c72a69aa7e082593c4a203dcf94ddb74bb5c8a731e4e1eb68d031e8498ff",
                "sha256:8e3dcf21f367459434c18e71b2a9532d96547aef8a871872a5bd69a715c15f96",
                "sha256:8e576a51ad59e4bfaac456023a78f6b5e6e7651dcd383bcc3e18d06f9b55d6d1",
                "sha256:96e37a3dc86e80bf81758c152fe66dbf60ed5eca3d26305edf01892257049925",
                "sha256:97a68e6ada378df82bc9f16b800ab77cbf4b2fada0081794318520138c088e4a",
                "sha256:99a2a507ed3ac881b975a2976d59f38c19386d128e7a9a18b7df6fff1fd4c1d6",
                "sha256:a49907dd8420c5685cfa064a1335b6754b74541bbb3706c259c02ed65b644b3e",
                "sha256:b09bf97215625a311f669476f44b8b318b075847b49316d3e28c08e41a7a573f",
                "sha256:b7bd98b796e2b6553da7225aeb61f447f80a1ca64f41d83612e6139ca5213aa4",
                "sha256:b87db4360013327109564f0e591bd2a3b318547bcef31b468a92ee504d07ae4f",
                "sha256:bcb3ed405ed3222f9904899563d6fc492ff75cce56cba05e32eff40e6acbeaa3",
                "sha256:d4306c36ca495956b6d568d276ac11fdd9c30a36f1b6eb928070dc5360b22e1c",
                "sha256:d5ee4f386140395a2c818d149221149c54849dfcfcb9f1debfe07a8b8bd63f9a",
                "sha256:dda30ba7e87fbbb7eab1ec9f58678558fd9a6b8b853530e176eabd064da81417",
                "sha256:e04e26803c9c3851c931eac40c695602c6295b8d432cbe78609649ad9bd2da8a",
                "sha256:e1c0b87e09fa55a220f058d1d49d3fb8df88fbfab58558f1198e08c1e1de842a",
                "sha256:e72591e9ecd94d7feb70c1cbd7be7b3ebea3f548870aa91e2732960fa4d57a37",
                "sha256:e8c843bbcda3a2f1e3c2ab25913c80a3c5376cd00c6e8c4a86a89a28c8dc5452",
                "sha256:efc1913fd2ca4f334418481c7e595c00aad186563bbc1ec76067848c7ca0a933",
                "sha256:f121a1420d4e173a5d96e47e9a0c0dcff965afdf1626d28de1460815f7c4ee7a",
                "sha256:fc7b548b17d238737688817ab67deebb30e8073c95749d55538ed473130ec0c7"
            ],
            "markers": "python_version >= '3.7'",
            "version": "==2.1.1"
        },
        "mccabe": {
            "hashes": [
                "sha256:ab8a6258860da4b6677da4bd2fe5dc2c659cff31b3ee4f7f5d64e79735b80d42",
                "sha256:dd8d182285a0fe56bace7f45b5e7d1a6ebcbf524e8f3bd87eb0f125271b8831f"
            ],
            "version": "==0.6.1"
        },
        "packaging": {
            "hashes": [
                "sha256:dd47c42927d89ab911e606518907cc2d3a1f38bbd026385970643f9c5b8ecfeb",
                "sha256:ef103e05f519cdc783ae24ea4e2e0f508a9c99b2d4969652eed6a2e1ea5bd522"
            ],
            "markers": "python_version >= '3.6'",
            "version": "==21.3"
        },
        "parso": {
            "hashes": [
                "sha256:8c07be290bb59f03588915921e29e8a50002acaf2cdc5fa0e0114f91709fafa0",
                "sha256:c001d4636cd3aecdaf33cbb40aebb59b094be2a74c556778ef5576c175e19e75"
            ],
            "markers": "python_version >= '3.6'",
            "version": "==0.8.3"
        },
        "pkginfo": {
            "hashes": [
                "sha256:542e0d0b6750e2e21c20179803e40ab50598d8066d51097a0e382cba9eb02bff",
                "sha256:c24c487c6a7f72c66e816ab1796b96ac6c3d14d49338293d2141664330b55ffc"
            ],
            "version": "==1.8.2"
        },
        "pluggy": {
            "hashes": [
                "sha256:4224373bacce55f955a878bf9cfa763c1e360858e330072059e10bad68531159",
                "sha256:74134bbf457f031a36d68416e1509f34bd5ccc019f0bcc952c7b909d06b37bd3"
            ],
            "markers": "python_version >= '3.6'",
            "version": "==1.0.0"
        },
        "pycodestyle": {
            "hashes": [
                "sha256:95a2219d12372f05704562a14ec30bc76b05a5b297b21a5dfe3f6fac3491ae56",
                "sha256:e40a936c9a450ad81df37f549d676d127b1b66000a6c500caa2b085bc0ca976c"
            ],
            "markers": "python_version >= '2.7' and python_version not in '3.0, 3.1, 3.2, 3.3'",
            "version": "==2.5.0"
        },
        "pydocstyle": {
            "hashes": [
                "sha256:1d41b7c459ba0ee6c345f2eb9ae827cab14a7533a88c5c6f7e94923f72df92dc",
                "sha256:6987826d6775056839940041beef5c08cc7e3d71d63149b48e36727f70144dc4"
            ],
            "markers": "python_version >= '3.6'",
            "version": "==6.1.1"
        },
        "pyflakes": {
            "hashes": [
                "sha256:17dbeb2e3f4d772725c777fabc446d5634d1038f234e77343108ce445ea69ce0",
                "sha256:d976835886f8c5b31d47970ed689944a0262b5f3afa00a5a7b4dc81e5449f8a2"
            ],
            "markers": "python_version >= '2.7' and python_version not in '3.0, 3.1, 3.2, 3.3'",
            "version": "==2.1.1"
        },
        "pygments": {
            "hashes": [
                "sha256:5eb116118f9612ff1ee89ac96437bb6b49e8f04d8a13b514ba26f620208e26eb",
                "sha256:dc9c10fb40944260f6ed4c688ece0cd2048414940f1cea51b8b226318411c519"
            ],
            "markers": "python_version >= '3.6'",
            "version": "==2.12.0"
        },
        "pylint": {
            "hashes": [
                "sha256:7b76045426c650d2b0f02fc47c14d7934d17898779da95288a74c2a7ec440702",
                "sha256:856476331f3e26598017290fd65bebe81c960e806776f324093a46b76fb2d1c0"
            ],
            "index": "pypi",
            "version": "==2.4.3"
        },
        "pyparsing": {
            "hashes": [
                "sha256:2b020ecf7d21b687f219b71ecad3631f644a47f01403fa1d1036b0c6416d70fb",
                "sha256:5026bae9a10eeaefb61dab2f09052b9f4307d44aee4eda64b309723d8d206bbc"
            ],
            "markers": "python_full_version >= '3.6.8'",
            "version": "==3.0.9"
        },
        "python-jsonrpc-server": {
            "hashes": [
                "sha256:62c543e541f101ec5b57dc654efc212d2c2e3ea47ff6f54b2e7dcb36ecf20595",
                "sha256:e5a908ff182e620aac07db5f57887eeb0afe33993008f57dc1b85b594cea250c"
            ],
            "version": "==0.4.0"
        },
        "python-language-server": {
            "extras": [
                "all"
            ],
            "hashes": [
                "sha256:ca64c9e2a90ae5bf54ec4c5928b37aa1671daf95e1358fbe1067b98718a52afb"
            ],
            "index": "pypi",
            "version": "==0.29.3"
        },
        "pytz": {
            "hashes": [
                "sha256:1e760e2fe6a8163bc0b3d9a19c4f84342afa0a2affebfaa84b01b978a02ecaa7",
                "sha256:e68985985296d9a66a881eb3193b0906246245294a881e7c8afe623866ac6a5c"
            ],
            "version": "==2022.1"
        },
        "radon": {
            "hashes": [
                "sha256:20f799949e42e6899bc9304539de222d3bdaeec276f38fbd4034859ccd548b46",
                "sha256:32ac2f86bfacbddade5c79f0e927e97f90a5cda5b86f880511dd849c4a0096e3"
            ],
            "index": "pypi",
            "version": "==4.0.0"
        },
        "readme-renderer": {
            "hashes": [
                "sha256:73b84905d091c31f36e50b4ae05ae2acead661f6a09a9abb4df7d2ddcdb6a698",
                "sha256:a727999acfc222fc21d82a12ed48c957c4989785e5865807c65a487d21677497"
            ],
            "markers": "python_version >= '3.7'",
            "version": "==35.0"
        },
        "requests": {
            "hashes": [
                "sha256:68d7c56fd5a8999887728ef304a6d12edc7be74f1cfa47714fc8b414525c9a61",
                "sha256:f22fa1e554c9ddfd16e6e41ac79759e17be9e492b3587efa038054674760e72d"
            ],
            "markers": "python_version >= '2.7' and python_version not in '3.0, 3.1, 3.2, 3.3, 3.4, 3.5'",
            "version": "==2.27.1"
        },
        "requests-toolbelt": {
            "hashes": [
                "sha256:380606e1d10dc85c3bd47bf5a6095f815ec007be7a8b69c878507068df059e6f",
                "sha256:968089d4584ad4ad7c171454f0a5c6dac23971e9472521ea3b6d49d610aa6fc0"
            ],
            "version": "==0.9.1"
        },
        "rope": {
            "hashes": [
                "sha256:13048ff0245a0fa187f282697a55add46e4ccf083e7670f868bdf54ee9e47f2e",
                "sha256:216390b6342bde8ef1f27a6663554de0ea0b1fdad7c421deb3d5a3f6c5fc01e7"
            ],
            "markers": "python_version >= '3'",
            "version": "==1.1.1"
        },
        "setuptools": {
            "hashes": [
                "sha256:68e45d17c9281ba25dc0104eadd2647172b3472d9e01f911efa57965e8d51a36",
                "sha256:a43bdedf853c670e5fed28e5623403bad2f73cf02f9a2774e91def6bda8265a7"
            ],
            "markers": "python_version >= '3.7'",
            "version": "==62.3.2"
        },
        "six": {
            "hashes": [
                "sha256:1e61c37477a1626458e36f7b1d82aa5c9b094fa4802892072e49de9c60c4c926",
                "sha256:8abb2f1d86890a2dfb989f9a77cfcfd3e47c2a354b01111771326f8aa26e0254"
            ],
            "markers": "python_version >= '2.7' and python_version not in '3.0, 3.1, 3.2, 3.3'",
            "version": "==1.16.0"
        },
        "snowballstemmer": {
            "hashes": [
                "sha256:09b16deb8547d3412ad7b590689584cd0fe25ec8db3be37788be3810cbf19cb1",
                "sha256:c8e1716e83cc398ae16824e5572ae04e0d9fc2c6b985fb0f900f5f0c96ecba1a"
            ],
            "version": "==2.2.0"
        },
        "sphinx": {
            "hashes": [
                "sha256:31088dfb95359384b1005619827eaee3056243798c62724fd3fa4b84ee4d71bd",
                "sha256:52286a0b9d7caa31efee301ec4300dbdab23c3b05da1c9024b4e84896fb73d79"
            ],
            "index": "pypi",
            "version": "==2.2.1"
        },
        "sphinx-rtd-theme": {
            "hashes": [
                "sha256:00cf895504a7895ee433807c62094cf1e95f065843bf3acd17037c3e9a2becd4",
                "sha256:728607e34d60456d736cc7991fd236afb828b21b82f956c5ea75f94c8414040a"
            ],
            "index": "pypi",
            "version": "==0.4.3"
        },
        "sphinxcontrib-applehelp": {
            "hashes": [
                "sha256:806111e5e962be97c29ec4c1e7fe277bfd19e9652fb1a4392105b43e01af885a",
                "sha256:a072735ec80e7675e3f432fcae8610ecf509c5f1869d17e2eecff44389cdbc58"
            ],
            "markers": "python_version >= '3.5'",
            "version": "==1.0.2"
        },
        "sphinxcontrib-devhelp": {
            "hashes": [
                "sha256:8165223f9a335cc1af7ffe1ed31d2871f325254c0423bc0c4c7cd1c1e4734a2e",
                "sha256:ff7f1afa7b9642e7060379360a67e9c41e8f3121f2ce9164266f61b9f4b338e4"
            ],
            "markers": "python_version >= '3.5'",
            "version": "==1.0.2"
        },
        "sphinxcontrib-htmlhelp": {
            "hashes": [
                "sha256:d412243dfb797ae3ec2b59eca0e52dac12e75a241bf0e4eb861e450d06c6ed07",
                "sha256:f5f8bb2d0d629f398bf47d0d69c07bc13b65f75a81ad9e2f71a63d4b7a2f6db2"
            ],
            "markers": "python_version >= '3.6'",
            "version": "==2.0.0"
        },
        "sphinxcontrib-jsmath": {
            "hashes": [
                "sha256:2ec2eaebfb78f3f2078e73666b1415417a116cc848b72e5172e596c871103178",
                "sha256:a9925e4a4587247ed2191a22df5f6970656cb8ca2bd6284309578f2153e0c4b8"
            ],
            "markers": "python_version >= '3.5'",
            "version": "==1.0.1"
        },
        "sphinxcontrib-qthelp": {
            "hashes": [
                "sha256:4c33767ee058b70dba89a6fc5c1892c0d57a54be67ddd3e7875a18d14cba5a72",
                "sha256:bd9fc24bcb748a8d51fd4ecaade681350aa63009a347a8c14e637895444dfab6"
            ],
            "markers": "python_version >= '3.5'",
            "version": "==1.0.3"
        },
        "sphinxcontrib-serializinghtml": {
            "hashes": [
                "sha256:352a9a00ae864471d3a7ead8d7d79f5fc0b57e8b3f95e9867eb9eb28999b92fd",
                "sha256:aa5f6de5dfdf809ef505c4895e51ef5c9eac17d0f287933eb49ec495280b6952"
            ],
            "markers": "python_version >= '3.5'",
            "version": "==1.1.5"
        },
        "tqdm": {
            "hashes": [
                "sha256:40be55d30e200777a307a7585aee69e4eabb46b4ec6a4b4a5f2d9f11e7d5408d",
                "sha256:74a2cdefe14d11442cedf3ba4e21a3b84ff9a2dbdc6cfae2c34addb2a14a5ea6"
            ],
            "markers": "python_version >= '2.7' and python_version not in '3.0, 3.1, 3.2, 3.3'",
            "version": "==4.64.0"
        },
        "twine": {
            "hashes": [
                "sha256:5319dd3e02ac73fcddcd94f035b9631589ab5d23e1f4699d57365199d85261e1",
                "sha256:9fe7091715c7576df166df8ef6654e61bada39571783f2fd415bdcba867c6993"
            ],
            "index": "pypi",
            "version": "==2.0.0"
        },
        "ujson": {
            "hashes": [
                "sha256:04a8c388b2d16316df3365c81f368955662581f6a4ff033e9aba2dd1ffc9e05e",
                "sha256:080da13f81740c076e5f16c254a10d0e32f45d225a5e6b0687a86493cfcfbafb",
                "sha256:0b47a138203bb06bdac03b2a89ac9b2993fd32cb7daded06c966dd84300a5786",
                "sha256:102b8eb5e15e6c5537426414d180c28dbf0489e51f7c22b706511ac84aae4458",
                "sha256:11f735870f189bff1841c720115226894415ab6a7796dee8ab46bc767ea2e743",
                "sha256:163191b88842d874e081707d35de2e205e0e396e70fd068d1038879bca8b17ad",
                "sha256:25522c674b35c33f375586ac98d92ce731e79059424507ecbccbfcbce832d597",
                "sha256:27a254a150e46980608b16ef3b609e703173492cfa738f4644c81d7e7d77494c",
                "sha256:2c04456de1fc92cc7062904c176c74e6ea220469b949508be42e819646a28457",
                "sha256:2c7712da662b92f80442a8efc0df09cea3a5efb42b0dd6a642e36b1b40a260d4",
                "sha256:350a3010db0045e1306bbdf889d1bdaee9bb095856c317716f0a74108cf4afe9",
                "sha256:468d7d8dcbafc3fd40cc73e4a533a7a1d4f935f605c15ae6cac32c6d53c4c6aa",
                "sha256:489d495431c80dc0048c4551a0d6cdbf1209e2d274f47c3f72415c91842eeb68",
                "sha256:49ce8521b0cdf210481bd89887fd1bd0a975f66088b1256dafc77c67c8ccb89d",
                "sha256:4d1ed3897e45477b2a4a1371186df299b13938d4d44d850953a4bb0ea4cb38f3",
                "sha256:54ee7c46615b42f7ae9dca90f54d204a4d2041a4c926b08fffa953aa3a246e54",
                "sha256:584c558c23ddc21f5b07d2c54ee527731bd9716101c27829023ab7f3ffbaa8fc",
                "sha256:6227597d0201ceadc902d1a8edaffaeb244050b197368ed25e6f6be0df170a6f",
                "sha256:6677bee8690c71f5e6cf519a6d8400f04fbd3ff9f6c50f35f1b664bc94546f84",
                "sha256:6b455a62bd20e890b2124a65df45313b4292dbea851ef38574e5e2de94691ad5",
                "sha256:6c5bbe6de6c9a5fe8dca56e36fb5c4a42e1a01d4aae1ac20cd8d7d82ccff9430",
                "sha256:729af63e4de30c54b527b54b4100266f79833c1e8ba35e784f01b44c2aca88d8",
                "sha256:754e9da96a24535ae5ab2a52e1d1dfc65a6a717c14063855b83f327fdf2173ea",
                "sha256:75a886bd89d8e5a004a39a6c5dc8a43bb7fcf05129d2dccd16a59602a612823a",
                "sha256:8c3f7578a62d9255650ef32e78d3345e98262e064c9ba3f205311b4c9eb507a6",
                "sha256:90de04391916c5adc7bbcc69bd778e263ed45cc83c070099cb07ed25068d6a12",
                "sha256:940f35e9a0969440621445dbb6adffaa2cea77d0262abc74fce78704120c4534",
                "sha256:9acc874128baddeff908736db251597e4cbd007a384730377a59a61b08886599",
                "sha256:a1a55b3310632661a03ce68ccfb92264031aea21626d6fa5c8f6c32e769be7b6",
                "sha256:a3c6798035b574ceba747de83f3223a622622b7ab77a24f8b4fbea2cb92f14b0",
                "sha256:a5e374e793b0a3c7df20ee4c8234e89859ddb2b2821cc3300ae94ab5b08fa6d0",
                "sha256:a6f3ad3b11578bc4e25d5bd256c938fe2c7c015d8f504bc7835f127ed26a0818",
                "sha256:b3671e1dfc49a4b4453d89fd7438aa9d7cca28afe329c70eba84e2a5778dbf3f",
                "sha256:b5fcbaabf3d115cb816eb165f3fa5de5c5bc795473a554ae55620d134ddf2d36",
                "sha256:bc1a619bad9894dad144184b735c98179c7d92d7b40fbda28eb8b0857bdfdf52",
                "sha256:be909514a47b6272e34cd1213feee324ca35a354e07f1ae3aba12d3694a5279f",
                "sha256:c519743a53bbe8aac6b743bcf50eb83057d1e0341e1ca8f8491f729a885af640",
                "sha256:c549d5a7652c3a0dd00ef6ff910fb01878bc116c66c94ac455a55cffa32cc229",
                "sha256:d1e5c635b7c3465ab8d2e3dc97c341ef1801c53a378f1d1d4cb934f6c90ec66c",
                "sha256:d2357ce7d93eadd29b6efbe72228809948cc59ec6682c20fa6de08aeef1703f8",
                "sha256:d38c2a58c892c680080b22b59eebd77b7c6f4ae24361111fba115f9ed3651dcf",
                "sha256:d57a87bbc77d66b8a2b74bab66357c3bb6194f5d248f1053fb8044787abde73f",
                "sha256:d9b1c3d2b22c040a81ff4e5927ce307919f7ac8bf888afded714d925edc8d0a4",
                "sha256:dc5fd1d5b48edd3cc64e89ea94abe231509fdc938bdeafafe9aef3a05810159f",
                "sha256:dc71ead5706e81fdf1054c8c11e4aaab43527da450a2701213c20717852d1a51",
                "sha256:e53388fb092197cb8f956673792aca994872917d897ca42a0abf7a35e293575a",
                "sha256:e991b7b3a08ac9e9d3a51589ef1c359c8d44ece730351cfac055684bf3787372",
                "sha256:ed78a5b169ece75a1e1368935ce6ab051dcbcd5c158b9796b2f1fa6cc467a651",
                "sha256:ef868bf01851869a26c0ca5f88036903836c3a6b463c74d96b37f294f6bdeea4",
                "sha256:fb4555df1fe018806ba14cc38786269c8e213930103c6d0ac81e506d09d1de7e"
            ],
            "index": "pypi",
            "version": "==5.2.0"
        },
        "urllib3": {
            "hashes": [
                "sha256:44ece4d53fb1706f667c9bd1c648f5469a2ec925fcf3a776667042d645472c14",
                "sha256:aabaf16477806a5e1dd19aa41f8c2b7950dd3c746362d7e3223dbe6de6ac448e"
            ],
            "markers": "python_version >= '2.7' and python_version not in '3.0, 3.1, 3.2, 3.3, 3.4' and python_version < '4.0'",
            "version": "==1.26.9"
        },
        "webencodings": {
            "hashes": [
                "sha256:a0af1213f3c2226497a97e2b3aa01a7e4bee4f403f95be16fc9acd2947514a78",
                "sha256:b36a1c245f2d304965eb4e0a82848379241dc04b865afcc4aab16748587e1923"
            ],
            "version": "==0.5.1"
        },
        "wrapt": {
            "hashes": [
                "sha256:565a021fd19419476b9362b05eeaa094178de64f8361e44468f9e9d7843901e1"
            ],
            "version": "==1.11.2"
        },
        "yapf": {
            "hashes": [
                "sha256:8fea849025584e486fd06d6ba2bed717f396080fd3cc236ba10cb97c4c51cf32",
                "sha256:a3f5085d37ef7e3e004c4ba9f9b3e40c54ff1901cd111f05145ae313a7c67d1b"
            ],
            "version": "==0.32.0"
        }
    }
}
