{
  "name": "anime-downloader",
  "version": "4.4.2",
  "lockfileVersion": 1,
  "requires": true,
  "dependencies": {
    "vm2": {
      "version": "3.9.2",
      "resolved": "https://registry.npmjs.org/vm2/-/vm2-3.9.2.tgz",
      "integrity": "sha512-nzyFmHdy2FMg7mYraRytc2jr4QBaUY3TEGe3q3bK8EgS9WC98wxn2jrPxS/ruWm+JGzrEIIeufKweQzVoQEd+Q=="
    }
  }
}
